
Microsoft Visual Studio Solution File, Format Version 12.00
# Visual Studio Version 17
VisualStudioVersion = 17.11.35208.52
MinimumVisualStudioVersion = 10.0.40219.1
Project("{FAE04EC0-301F-11D3-BF4B-00C04F79EFBC}") = "Baitap_TruuTuong", "Baitap_TruuTuong\Baitap_TruuTuong.csproj", "{B8C85F87-326C-41E5-A0FA-EA8BE0165731}"
EndProject
Global
	GlobalSection(SolutionConfigurationPlatforms) = preSolution
		Debug|Any CPU = Debug|Any CPU
		Release|Any CPU = Release|Any CPU
	EndGlobalSection
	GlobalSection(ProjectConfigurationPlatforms) = postSolution
		{B8C85F87-326C-41E5-A0FA-EA8BE0165731}.Debug|Any CPU.ActiveCfg = Debug|Any CPU
		{B8C85F87-326C-41E5-A0FA-EA8BE0165731}.Debug|Any CPU.Build.0 = Debug|Any CPU
		{B8C85F87-326C-41E5-A0FA-EA8BE0165731}.Release|Any CPU.ActiveCfg = Release|Any CPU
		{B8C85F87-326C-41E5-A0FA-EA8BE0165731}.Release|Any CPU.Build.0 = Release|Any CPU
	EndGlobalSection
	GlobalSection(SolutionProperties) = preSolution
		HideSolutionNode = FALSE
	EndGlobalSection
	GlobalSection(ExtensibilityGlobals) = postSolution
		SolutionGuid = {F21414B9-91FE-4773-AAA8-648FB28828DD}
	EndGlobalSection
EndGlobal
